// !$*UTF8*$!
{
	archiveVersion = 1;
	classes = {
	};
	objectVersion = 55;
	objects = {

/* Begin PBXBuildFile section */
		9741706727316C96008FD6C3 /* Logger.swift in Sources */ = {isa = PBXBuildFile; fileRef = 9741706627316C96008FD6C3 /* Logger.swift */; };
		975D665A272E939300D7F6C9 /* GitWorldApp.swift in Sources */ = {isa = PBXBuildFile; fileRef = 975D6659272E939300D7F6C9 /* GitWorldApp.swift */; };
		975D665C272E939300D7F6C9 /* DataBaseTableView.swift in Sources */ = {isa = PBXBuildFile; fileRef = 975D665B272E939300D7F6C9 /* DataBaseTableView.swift */; };
		975D665E272E939600D7F6C9 /* Assets.xcassets in Resources */ = {isa = PBXBuildFile; fileRef = 975D665D272E939600D7F6C9 /* Assets.xcassets */; };
		975D6661272E939600D7F6C9 /* Preview Assets.xcassets in Resources */ = {isa = PBXBuildFile; fileRef = 975D6660272E939600D7F6C9 /* Preview Assets.xcassets */; };
		975D6663272E939600D7F6C9 /* Persistence.swift in Sources */ = {isa = PBXBuildFile; fileRef = 975D6662272E939600D7F6C9 /* Persistence.swift */; };
		975D6666272E939600D7F6C9 /* GitWorld.xcdatamodeld in Sources */ = {isa = PBXBuildFile; fileRef = 975D6664272E939600D7F6C9 /* GitWorld.xcdatamodeld */; };
		975D6677272E95C500D7F6C9 /* StatRow.swift in Sources */ = {isa = PBXBuildFile; fileRef = 975D6674272E95C500D7F6C9 /* StatRow.swift */; };
		975D6678272E95C500D7F6C9 /* StatsView.swift in Sources */ = {isa = PBXBuildFile; fileRef = 975D6675272E95C500D7F6C9 /* StatsView.swift */; };
		975D6679272E95C500D7F6C9 /* StatsViewModel.swift in Sources */ = {isa = PBXBuildFile; fileRef = 975D6676272E95C500D7F6C9 /* StatsViewModel.swift */; };
		975D6683272E95D100D7F6C9 /* RepoTraits.swift in Sources */ = {isa = PBXBuildFile; fileRef = 975D667B272E95D100D7F6C9 /* RepoTraits.swift */; };
		975D6684272E95D100D7F6C9 /* RepoIgnore.swift in Sources */ = {isa = PBXBuildFile; fileRef = 975D667C272E95D100D7F6C9 /* RepoIgnore.swift */; };
		975D6685272E95D100D7F6C9 /* ReadStream.swift in Sources */ = {isa = PBXBuildFile; fileRef = 975D667D272E95D100D7F6C9 /* ReadStream.swift */; };
		975D6686272E95D100D7F6C9 /* RepoAnalyzer.swift in Sources */ = {isa = PBXBuildFile; fileRef = 975D667E272E95D100D7F6C9 /* RepoAnalyzer.swift */; };
		975D6687272E95D100D7F6C9 /* FileTraits.swift in Sources */ = {isa = PBXBuildFile; fileRef = 975D667F272E95D100D7F6C9 /* FileTraits.swift */; };
		975D6688272E95D100D7F6C9 /* Repo.swift in Sources */ = {isa = PBXBuildFile; fileRef = 975D6680272E95D100D7F6C9 /* Repo.swift */; };
		975D6689272E95D100D7F6C9 /* Sequance+safe.swift in Sources */ = {isa = PBXBuildFile; fileRef = 975D6682272E95D100D7F6C9 /* Sequance+safe.swift */; };
		975D6694272FED1200D7F6C9 /* RepoSetView.swift in Sources */ = {isa = PBXBuildFile; fileRef = 975D6693272FED1200D7F6C9 /* RepoSetView.swift */; };
		975D6696272FF0A000D7F6C9 /* RepoSetViewModel.swift in Sources */ = {isa = PBXBuildFile; fileRef = 975D6695272FF0A000D7F6C9 /* RepoSetViewModel.swift */; };
		975D669A272FFBD900D7F6C9 /* AppStorageKey.swift in Sources */ = {isa = PBXBuildFile; fileRef = 975D6699272FFBD900D7F6C9 /* AppStorageKey.swift */; };
		977298AC27367EAD00CF5303 /* House.swift in Sources */ = {isa = PBXBuildFile; fileRef = 977298AB27367EAD00CF5303 /* House.swift */; };
		977298B027367F4400CF5303 /* Village.swift in Sources */ = {isa = PBXBuildFile; fileRef = 977298AF27367F4400CF5303 /* Village.swift */; };
		977298B22736806A00CF5303 /* World.swift in Sources */ = {isa = PBXBuildFile; fileRef = 977298B12736806A00CF5303 /* World.swift */; };
		977298B42736813900CF5303 /* WorldGenerator.swift in Sources */ = {isa = PBXBuildFile; fileRef = 977298B32736813900CF5303 /* WorldGenerator.swift */; };
		977298B62736816E00CF5303 /* WorldBuilder.swift in Sources */ = {isa = PBXBuildFile; fileRef = 977298B52736816E00CF5303 /* WorldBuilder.swift */; };
		977298B82736830C00CF5303 /* VillageColor.swift in Sources */ = {isa = PBXBuildFile; fileRef = 977298B72736830C00CF5303 /* VillageColor.swift */; };
		977298BB2736836800CF5303 /* VillageColorDistributor.swift in Sources */ = {isa = PBXBuildFile; fileRef = 977298BA2736836800CF5303 /* VillageColorDistributor.swift */; };
		977298BE2736B76200CF5303 /* WorldMapView.swift in Sources */ = {isa = PBXBuildFile; fileRef = 977298BD2736B76200CF5303 /* WorldMapView.swift */; };
		977298C02736BC8200CF5303 /* WorldMapViewModel.swift in Sources */ = {isa = PBXBuildFile; fileRef = 977298BF2736BC8200CF5303 /* WorldMapViewModel.swift */; };
/* End PBXBuildFile section */

/* Begin PBXCopyFilesBuildPhase section */
		975D6692272E97A100D7F6C9 /* Embed Frameworks */ = {
			isa = PBXCopyFilesBuildPhase;
			buildActionMask = 2147483647;
			dstPath = "";
			dstSubfolderSpec = 10;
			files = (
			);
			name = "Embed Frameworks";
			runOnlyForDeploymentPostprocessing = 0;
		};
/* End PBXCopyFilesBuildPhase section */

/* Begin PBXFileReference section */
		9741706627316C96008FD6C3 /* Logger.swift */ = {isa = PBXFileReference; lastKnownFileType = sourcecode.swift; path = Logger.swift; sourceTree = "<group>"; };
		975D6656272E939300D7F6C9 /* GitWorld.app */ = {isa = PBXFileReference; explicitFileType = wrapper.application; includeInIndex = 0; path = GitWorld.app; sourceTree = BUILT_PRODUCTS_DIR; };
		975D6659272E939300D7F6C9 /* GitWorldApp.swift */ = {isa = PBXFileReference; lastKnownFileType = sourcecode.swift; path = GitWorldApp.swift; sourceTree = "<group>"; };
		975D665B272E939300D7F6C9 /* DataBaseTableView.swift */ = {isa = PBXFileReference; lastKnownFileType = sourcecode.swift; path = DataBaseTableView.swift; sourceTree = "<group>"; };
		975D665D272E939600D7F6C9 /* Assets.xcassets */ = {isa = PBXFileReference; lastKnownFileType = folder.assetcatalog; path = Assets.xcassets; sourceTree = "<group>"; };
		975D6660272E939600D7F6C9 /* Preview Assets.xcassets */ = {isa = PBXFileReference; lastKnownFileType = folder.assetcatalog; path = "Preview Assets.xcassets"; sourceTree = "<group>"; };
		975D6662272E939600D7F6C9 /* Persistence.swift */ = {isa = PBXFileReference; lastKnownFileType = sourcecode.swift; path = Persistence.swift; sourceTree = "<group>"; };
		975D6665272E939600D7F6C9 /* GitWorld.xcdatamodel */ = {isa = PBXFileReference; lastKnownFileType = wrapper.xcdatamodel; path = GitWorld.xcdatamodel; sourceTree = "<group>"; };
		975D6674272E95C500D7F6C9 /* StatRow.swift */ = {isa = PBXFileReference; fileEncoding = 4; lastKnownFileType = sourcecode.swift; path = StatRow.swift; sourceTree = "<group>"; };
		975D6675272E95C500D7F6C9 /* StatsView.swift */ = {isa = PBXFileReference; fileEncoding = 4; lastKnownFileType = sourcecode.swift; path = StatsView.swift; sourceTree = "<group>"; };
		975D6676272E95C500D7F6C9 /* StatsViewModel.swift */ = {isa = PBXFileReference; fileEncoding = 4; lastKnownFileType = sourcecode.swift; path = StatsViewModel.swift; sourceTree = "<group>"; };
		975D667B272E95D100D7F6C9 /* RepoTraits.swift */ = {isa = PBXFileReference; fileEncoding = 4; lastKnownFileType = sourcecode.swift; path = RepoTraits.swift; sourceTree = "<group>"; };
		975D667C272E95D100D7F6C9 /* RepoIgnore.swift */ = {isa = PBXFileReference; fileEncoding = 4; lastKnownFileType = sourcecode.swift; path = RepoIgnore.swift; sourceTree = "<group>"; };
		975D667D272E95D100D7F6C9 /* ReadStream.swift */ = {isa = PBXFileReference; fileEncoding = 4; lastKnownFileType = sourcecode.swift; path = ReadStream.swift; sourceTree = "<group>"; };
		975D667E272E95D100D7F6C9 /* RepoAnalyzer.swift */ = {isa = PBXFileReference; fileEncoding = 4; lastKnownFileType = sourcecode.swift; path = RepoAnalyzer.swift; sourceTree = "<group>"; };
		975D667F272E95D100D7F6C9 /* FileTraits.swift */ = {isa = PBXFileReference; fileEncoding = 4; lastKnownFileType = sourcecode.swift; path = FileTraits.swift; sourceTree = "<group>"; };
		975D6680272E95D100D7F6C9 /* Repo.swift */ = {isa = PBXFileReference; fileEncoding = 4; lastKnownFileType = sourcecode.swift; path = Repo.swift; sourceTree = "<group>"; };
		975D6682272E95D100D7F6C9 /* Sequance+safe.swift */ = {isa = PBXFileReference; fileEncoding = 4; lastKnownFileType = sourcecode.swift; path = "Sequance+safe.swift"; sourceTree = "<group>"; };
		975D668F272E97A100D7F6C9 /* ObjectiveGit.framework */ = {isa = PBXFileReference; lastKnownFileType = wrapper.framework; name = ObjectiveGit.framework; path = Carthage/Build/iOS/ObjectiveGit.framework; sourceTree = "<group>"; };
		975D6693272FED1200D7F6C9 /* RepoSetView.swift */ = {isa = PBXFileReference; lastKnownFileType = sourcecode.swift; path = RepoSetView.swift; sourceTree = "<group>"; };
		975D6695272FF0A000D7F6C9 /* RepoSetViewModel.swift */ = {isa = PBXFileReference; lastKnownFileType = sourcecode.swift; path = RepoSetViewModel.swift; sourceTree = "<group>"; };
		975D6699272FFBD900D7F6C9 /* AppStorageKey.swift */ = {isa = PBXFileReference; lastKnownFileType = sourcecode.swift; path = AppStorageKey.swift; sourceTree = "<group>"; };
		977298AB27367EAD00CF5303 /* House.swift */ = {isa = PBXFileReference; lastKnownFileType = sourcecode.swift; path = House.swift; sourceTree = "<group>"; };
		977298AF27367F4400CF5303 /* Village.swift */ = {isa = PBXFileReference; lastKnownFileType = sourcecode.swift; path = Village.swift; sourceTree = "<group>"; };
		977298B12736806A00CF5303 /* World.swift */ = {isa = PBXFileReference; lastKnownFileType = sourcecode.swift; path = World.swift; sourceTree = "<group>"; };
		977298B32736813900CF5303 /* WorldGenerator.swift */ = {isa = PBXFileReference; lastKnownFileType = sourcecode.swift; path = WorldGenerator.swift; sourceTree = "<group>"; };
		977298B52736816E00CF5303 /* WorldBuilder.swift */ = {isa = PBXFileReference; lastKnownFileType = sourcecode.swift; path = WorldBuilder.swift; sourceTree = "<group>"; };
		977298B72736830C00CF5303 /* VillageColor.swift */ = {isa = PBXFileReference; lastKnownFileType = sourcecode.swift; path = VillageColor.swift; sourceTree = "<group>"; };
		977298BA2736836800CF5303 /* VillageColorDistributor.swift */ = {isa = PBXFileReference; lastKnownFileType = sourcecode.swift; path = VillageColorDistributor.swift; sourceTree = "<group>"; };
		977298BD2736B76200CF5303 /* WorldMapView.swift */ = {isa = PBXFileReference; lastKnownFileType = sourcecode.swift; path = WorldMapView.swift; sourceTree = "<group>"; };
		977298BF2736BC8200CF5303 /* WorldMapViewModel.swift */ = {isa = PBXFileReference; lastKnownFileType = sourcecode.swift; path = WorldMapViewModel.swift; sourceTree = "<group>"; };
/* End PBXFileReference section */

/* Begin PBXFrameworksBuildPhase section */
		975D6653272E939300D7F6C9 /* Frameworks */ = {
			isa = PBXFrameworksBuildPhase;
			buildActionMask = 2147483647;
			files = (
			);
			runOnlyForDeploymentPostprocessing = 0;
		};
/* End PBXFrameworksBuildPhase section */

/* Begin PBXGroup section */
		975D664D272E939300D7F6C9 = {
			isa = PBXGroup;
			children = (
				975D6658272E939300D7F6C9 /* GitWorld */,
				975D6657272E939300D7F6C9 /* Products */,
				975D668A272E96D100D7F6C9 /* Frameworks */,
			);
			sourceTree = "<group>";
		};
		975D6657272E939300D7F6C9 /* Products */ = {
			isa = PBXGroup;
			children = (
				975D6656272E939300D7F6C9 /* GitWorld.app */,
			);
			name = Products;
			sourceTree = "<group>";
		};
		975D6658272E939300D7F6C9 /* GitWorld */ = {
			isa = PBXGroup;
			children = (
				975D6681272E95D100D7F6C9 /* Extension */,
				977298A827367E8A00CF5303 /* World */,
				975D667A272E95D100D7F6C9 /* Repo */,
				975D666F272E94F200D7F6C9 /* App */,
				975D666E272E94E500D7F6C9 /* View */,
				975D666D272E94BC00D7F6C9 /* Resource */,
				975D665F272E939600D7F6C9 /* Preview Content */,
			);
			path = GitWorld;
			sourceTree = "<group>";
		};
		975D665F272E939600D7F6C9 /* Preview Content */ = {
			isa = PBXGroup;
			children = (
				975D6660272E939600D7F6C9 /* Preview Assets.xcassets */,
			);
			path = "Preview Content";
			sourceTree = "<group>";
		};
		975D666D272E94BC00D7F6C9 /* Resource */ = {
			isa = PBXGroup;
			children = (
				975D665D272E939600D7F6C9 /* Assets.xcassets */,
				975D6664272E939600D7F6C9 /* GitWorld.xcdatamodeld */,
			);
			path = Resource;
			sourceTree = "<group>";
		};
		975D666E272E94E500D7F6C9 /* View */ = {
			isa = PBXGroup;
			children = (
				977298BC2736B75200CF5303 /* WorldMap */,
				975D669C272FFDA900D7F6C9 /* RepoStats */,
				975D669B272FFD9F00D7F6C9 /* RepoSet */,
				975D6659272E939300D7F6C9 /* GitWorldApp.swift */,
				975D665B272E939300D7F6C9 /* DataBaseTableView.swift */,
			);
			path = View;
			sourceTree = "<group>";
		};
		975D666F272E94F200D7F6C9 /* App */ = {
			isa = PBXGroup;
			children = (
				975D6662272E939600D7F6C9 /* Persistence.swift */,
				975D6699272FFBD900D7F6C9 /* AppStorageKey.swift */,
				9741706627316C96008FD6C3 /* Logger.swift */,
			);
			path = App;
			sourceTree = "<group>";
		};
		975D667A272E95D100D7F6C9 /* Repo */ = {
			isa = PBXGroup;
			children = (
				975D667B272E95D100D7F6C9 /* RepoTraits.swift */,
				975D667C272E95D100D7F6C9 /* RepoIgnore.swift */,
				975D667D272E95D100D7F6C9 /* ReadStream.swift */,
				975D667E272E95D100D7F6C9 /* RepoAnalyzer.swift */,
				975D667F272E95D100D7F6C9 /* FileTraits.swift */,
				975D6680272E95D100D7F6C9 /* Repo.swift */,
			);
			path = Repo;
			sourceTree = "<group>";
		};
		975D6681272E95D100D7F6C9 /* Extension */ = {
			isa = PBXGroup;
			children = (
				975D6682272E95D100D7F6C9 /* Sequance+safe.swift */,
			);
			path = Extension;
			sourceTree = "<group>";
		};
		975D668A272E96D100D7F6C9 /* Frameworks */ = {
			isa = PBXGroup;
			children = (
				975D668F272E97A100D7F6C9 /* ObjectiveGit.framework */,
			);
			name = Frameworks;
			sourceTree = "<group>";
		};
		975D669B272FFD9F00D7F6C9 /* RepoSet */ = {
			isa = PBXGroup;
			children = (
				975D6693272FED1200D7F6C9 /* RepoSetView.swift */,
				975D6695272FF0A000D7F6C9 /* RepoSetViewModel.swift */,
			);
			path = RepoSet;
			sourceTree = "<group>";
		};
		975D669C272FFDA900D7F6C9 /* RepoStats */ = {
			isa = PBXGroup;
			children = (
				975D6674272E95C500D7F6C9 /* StatRow.swift */,
				975D6675272E95C500D7F6C9 /* StatsView.swift */,
				975D6676272E95C500D7F6C9 /* StatsViewModel.swift */,
			);
			path = RepoStats;
			sourceTree = "<group>";
		};
		977298A827367E8A00CF5303 /* World */ = {
			isa = PBXGroup;
			children = (
				977298B92736834300CF5303 /* Color */,
				977298AB27367EAD00CF5303 /* House.swift */,
				977298AF27367F4400CF5303 /* Village.swift */,
				977298B12736806A00CF5303 /* World.swift */,
				977298B32736813900CF5303 /* WorldGenerator.swift */,
				977298B52736816E00CF5303 /* WorldBuilder.swift */,
			);
			path = World;
			sourceTree = "<group>";
		};
		977298B92736834300CF5303 /* Color */ = {
			isa = PBXGroup;
			children = (
				977298B72736830C00CF5303 /* VillageColor.swift */,
				977298BA2736836800CF5303 /* VillageColorDistributor.swift */,
			);
			path = Color;
			sourceTree = "<group>";
		};
		977298BC2736B75200CF5303 /* WorldMap */ = {
			isa = PBXGroup;
			children = (
				977298BD2736B76200CF5303 /* WorldMapView.swift */,
				977298BF2736BC8200CF5303 /* WorldMapViewModel.swift */,
			);
			path = WorldMap;
			sourceTree = "<group>";
		};
/* End PBXGroup section */

/* Begin PBXNativeTarget section */
		975D6655272E939300D7F6C9 /* GitWorld */ = {
			isa = PBXNativeTarget;
			buildConfigurationList = 975D6669272E939600D7F6C9 /* Build configuration list for PBXNativeTarget "GitWorld" */;
			buildPhases = (
				975D666C272E93CA00D7F6C9 /* Carthage */,
				975D6652272E939300D7F6C9 /* Sources */,
				975D6653272E939300D7F6C9 /* Frameworks */,
				975D6654272E939300D7F6C9 /* Resources */,
				975D6692272E97A100D7F6C9 /* Embed Frameworks */,
			);
			buildRules = (
			);
			dependencies = (
			);
			name = GitWorld;
			productName = GitWorld;
			productReference = 975D6656272E939300D7F6C9 /* GitWorld.app */;
			productType = "com.apple.product-type.application";
		};
/* End PBXNativeTarget section */

/* Begin PBXProject section */
		975D664E272E939300D7F6C9 /* Project object */ = {
			isa = PBXProject;
			attributes = {
				BuildIndependentTargetsInParallel = 1;
				LastSwiftUpdateCheck = 1300;
				LastUpgradeCheck = 1300;
				TargetAttributes = {
					975D6655272E939300D7F6C9 = {
						CreatedOnToolsVersion = 13.0;
					};
				};
			};
			buildConfigurationList = 975D6651272E939300D7F6C9 /* Build configuration list for PBXProject "GitWorld" */;
			compatibilityVersion = "Xcode 13.0";
			developmentRegion = en;
			hasScannedForEncodings = 0;
			knownRegions = (
				en,
				Base,
			);
			mainGroup = 975D664D272E939300D7F6C9;
			productRefGroup = 975D6657272E939300D7F6C9 /* Products */;
			projectDirPath = "";
			projectRoot = "";
			targets = (
				975D6655272E939300D7F6C9 /* GitWorld */,
			);
		};
/* End PBXProject section */

/* Begin PBXResourcesBuildPhase section */
		975D6654272E939300D7F6C9 /* Resources */ = {
			isa = PBXResourcesBuildPhase;
			buildActionMask = 2147483647;
			files = (
				975D6661272E939600D7F6C9 /* Preview Assets.xcassets in Resources */,
				975D665E272E939600D7F6C9 /* Assets.xcassets in Resources */,
			);
			runOnlyForDeploymentPostprocessing = 0;
		};
/* End PBXResourcesBuildPhase section */

/* Begin PBXShellScriptBuildPhase section */
		975D666C272E93CA00D7F6C9 /* Carthage */ = {
			isa = PBXShellScriptBuildPhase;
			buildActionMask = 2147483647;
			files = (
			);
			inputFileListPaths = (
			);
			inputPaths = (
				"$(SRCROOT)/Carthage/Build/iOS/ObjectiveGit.framework",
			);
			name = Carthage;
			outputFileListPaths = (
			);
			outputPaths = (
			);
			runOnlyForDeploymentPostprocessing = 0;
			shellPath = /bin/sh;
			shellScript = "/usr/local/bin/carthage copy-frameworks\n";
		};
/* End PBXShellScriptBuildPhase section */

/* Begin PBXSourcesBuildPhase section */
		975D6652272E939300D7F6C9 /* Sources */ = {
			isa = PBXSourcesBuildPhase;
			buildActionMask = 2147483647;
			files = (
				975D6683272E95D100D7F6C9 /* RepoTraits.swift in Sources */,
				975D6688272E95D100D7F6C9 /* Repo.swift in Sources */,
				977298C02736BC8200CF5303 /* WorldMapViewModel.swift in Sources */,
				975D669A272FFBD900D7F6C9 /* AppStorageKey.swift in Sources */,
				975D6679272E95C500D7F6C9 /* StatsViewModel.swift in Sources */,
				977298BE2736B76200CF5303 /* WorldMapView.swift in Sources */,
				977298BB2736836800CF5303 /* VillageColorDistributor.swift in Sources */,
				977298B027367F4400CF5303 /* Village.swift in Sources */,
				975D6663272E939600D7F6C9 /* Persistence.swift in Sources */,
				977298B42736813900CF5303 /* WorldGenerator.swift in Sources */,
				975D6685272E95D100D7F6C9 /* ReadStream.swift in Sources */,
				975D6686272E95D100D7F6C9 /* RepoAnalyzer.swift in Sources */,
				975D6666272E939600D7F6C9 /* GitWorld.xcdatamodeld in Sources */,
				977298AC27367EAD00CF5303 /* House.swift in Sources */,
				975D6678272E95C500D7F6C9 /* StatsView.swift in Sources */,
				975D665C272E939300D7F6C9 /* DataBaseTableView.swift in Sources */,
				977298B22736806A00CF5303 /* World.swift in Sources */,
				975D6684272E95D100D7F6C9 /* RepoIgnore.swift in Sources */,
				975D665A272E939300D7F6C9 /* GitWorldApp.swift in Sources */,
				977298B82736830C00CF5303 /* VillageColor.swift in Sources */,
				975D6689272E95D100D7F6C9 /* Sequance+safe.swift in Sources */,
				9741706727316C96008FD6C3 /* Logger.swift in Sources */,
				975D6687272E95D100D7F6C9 /* FileTraits.swift in Sources */,
				977298B62736816E00CF5303 /* WorldBuilder.swift in Sources */,
				975D6694272FED1200D7F6C9 /* RepoSetView.swift in Sources */,
				975D6677272E95C500D7F6C9 /* StatRow.swift in Sources */,
				975D6696272FF0A000D7F6C9 /* RepoSetViewModel.swift in Sources */,
			);
			runOnlyForDeploymentPostprocessing = 0;
		};
/* End PBXSourcesBuildPhase section */

/* Begin XCBuildConfiguration section */
		975D6667272E939600D7F6C9 /* Debug */ = {
			isa = XCBuildConfiguration;
			buildSettings = {
				ALWAYS_SEARCH_USER_PATHS = NO;
				CLANG_ANALYZER_NONNULL = YES;
				CLANG_ANALYZER_NUMBER_OBJECT_CONVERSION = YES_AGGRESSIVE;
				CLANG_CXX_LANGUAGE_STANDARD = "gnu++17";
				CLANG_CXX_LIBRARY = "libc++";
				CLANG_ENABLE_MODULES = YES;
				CLANG_ENABLE_OBJC_ARC = YES;
				CLANG_ENABLE_OBJC_WEAK = YES;
				CLANG_WARN_BLOCK_CAPTURE_AUTORELEASING = YES;
				CLANG_WARN_BOOL_CONVERSION = YES;
				CLANG_WARN_COMMA = YES;
				CLANG_WARN_CONSTANT_CONVERSION = YES;
				CLANG_WARN_DEPRECATED_OBJC_IMPLEMENTATIONS = YES;
				CLANG_WARN_DIRECT_OBJC_ISA_USAGE = YES_ERROR;
				CLANG_WARN_DOCUMENTATION_COMMENTS = YES;
				CLANG_WARN_EMPTY_BODY = YES;
				CLANG_WARN_ENUM_CONVERSION = YES;
				CLANG_WARN_INFINITE_RECURSION = YES;
				CLANG_WARN_INT_CONVERSION = YES;
				CLANG_WARN_NON_LITERAL_NULL_CONVERSION = YES;
				CLANG_WARN_OBJC_IMPLICIT_RETAIN_SELF = YES;
				CLANG_WARN_OBJC_LITERAL_CONVERSION = YES;
				CLANG_WARN_OBJC_ROOT_CLASS = YES_ERROR;
				CLANG_WARN_QUOTED_INCLUDE_IN_FRAMEWORK_HEADER = YES;
				CLANG_WARN_RANGE_LOOP_ANALYSIS = YES;
				CLANG_WARN_STRICT_PROTOTYPES = YES;
				CLANG_WARN_SUSPICIOUS_MOVE = YES;
				CLANG_WARN_UNGUARDED_AVAILABILITY = YES_AGGRESSIVE;
				CLANG_WARN_UNREACHABLE_CODE = YES;
				CLANG_WARN__DUPLICATE_METHOD_MATCH = YES;
				COPY_PHASE_STRIP = NO;
				DEBUG_INFORMATION_FORMAT = dwarf;
				ENABLE_STRICT_OBJC_MSGSEND = YES;
				ENABLE_TESTABILITY = YES;
				GCC_C_LANGUAGE_STANDARD = gnu11;
				GCC_DYNAMIC_NO_PIC = NO;
				GCC_NO_COMMON_BLOCKS = YES;
				GCC_OPTIMIZATION_LEVEL = 0;
				GCC_PREPROCESSOR_DEFINITIONS = (
					"DEBUG=1",
					"$(inherited)",
				);
				GCC_WARN_64_TO_32_BIT_CONVERSION = YES;
				GCC_WARN_ABOUT_RETURN_TYPE = YES_ERROR;
				GCC_WARN_UNDECLARED_SELECTOR = YES;
				GCC_WARN_UNINITIALIZED_AUTOS = YES_AGGRESSIVE;
				GCC_WARN_UNUSED_FUNCTION = YES;
				GCC_WARN_UNUSED_VARIABLE = YES;
				IPHONEOS_DEPLOYMENT_TARGET = 15.0;
				MTL_ENABLE_DEBUG_INFO = INCLUDE_SOURCE;
				MTL_FAST_MATH = YES;
				ONLY_ACTIVE_ARCH = YES;
				SDKROOT = iphoneos;
				SWIFT_ACTIVE_COMPILATION_CONDITIONS = DEBUG;
				SWIFT_OPTIMIZATION_LEVEL = "-Onone";
			};
			name = Debug;
		};
		975D6668272E939600D7F6C9 /* Release */ = {
			isa = XCBuildConfiguration;
			buildSettings = {
				ALWAYS_SEARCH_USER_PATHS = NO;
				CLANG_ANALYZER_NONNULL = YES;
				CLANG_ANALYZER_NUMBER_OBJECT_CONVERSION = YES_AGGRESSIVE;
				CLANG_CXX_LANGUAGE_STANDARD = "gnu++17";
				CLANG_CXX_LIBRARY = "libc++";
				CLANG_ENABLE_MODULES = YES;
				CLANG_ENABLE_OBJC_ARC = YES;
				CLANG_ENABLE_OBJC_WEAK = YES;
				CLANG_WARN_BLOCK_CAPTURE_AUTORELEASING = YES;
				CLANG_WARN_BOOL_CONVERSION = YES;
				CLANG_WARN_COMMA = YES;
				CLANG_WARN_CONSTANT_CONVERSION = YES;
				CLANG_WARN_DEPRECATED_OBJC_IMPLEMENTATIONS = YES;
				CLANG_WARN_DIRECT_OBJC_ISA_USAGE = YES_ERROR;
				CLANG_WARN_DOCUMENTATION_COMMENTS = YES;
				CLANG_WARN_EMPTY_BODY = YES;
				CLANG_WARN_ENUM_CONVERSION = YES;
				CLANG_WARN_INFINITE_RECURSION = YES;
				CLANG_WARN_INT_CONVERSION = YES;
				CLANG_WARN_NON_LITERAL_NULL_CONVERSION = YES;
				CLANG_WARN_OBJC_IMPLICIT_RETAIN_SELF = YES;
				CLANG_WARN_OBJC_LITERAL_CONVERSION = YES;
				CLANG_WARN_OBJC_ROOT_CLASS = YES_ERROR;
				CLANG_WARN_QUOTED_INCLUDE_IN_FRAMEWORK_HEADER = YES;
				CLANG_WARN_RANGE_LOOP_ANALYSIS = YES;
				CLANG_WARN_STRICT_PROTOTYPES = YES;
				CLANG_WARN_SUSPICIOUS_MOVE = YES;
				CLANG_WARN_UNGUARDED_AVAILABILITY = YES_AGGRESSIVE;
				CLANG_WARN_UNREACHABLE_CODE = YES;
				CLANG_WARN__DUPLICATE_METHOD_MATCH = YES;
				COPY_PHASE_STRIP = NO;
				DEBUG_INFORMATION_FORMAT = "dwarf-with-dsym";
				ENABLE_NS_ASSERTIONS = NO;
				ENABLE_STRICT_OBJC_MSGSEND = YES;
				GCC_C_LANGUAGE_STANDARD = gnu11;
				GCC_NO_COMMON_BLOCKS = YES;
				GCC_WARN_64_TO_32_BIT_CONVERSION = YES;
				GCC_WARN_ABOUT_RETURN_TYPE = YES_ERROR;
				GCC_WARN_UNDECLARED_SELECTOR = YES;
				GCC_WARN_UNINITIALIZED_AUTOS = YES_AGGRESSIVE;
				GCC_WARN_UNUSED_FUNCTION = YES;
				GCC_WARN_UNUSED_VARIABLE = YES;
				IPHONEOS_DEPLOYMENT_TARGET = 15.0;
				MTL_ENABLE_DEBUG_INFO = NO;
				MTL_FAST_MATH = YES;
				SDKROOT = iphoneos;
				SWIFT_COMPILATION_MODE = wholemodule;
				SWIFT_OPTIMIZATION_LEVEL = "-O";
				VALIDATE_PRODUCT = YES;
			};
			name = Release;
		};
		975D666A272E939600D7F6C9 /* Debug */ = {
			isa = XCBuildConfiguration;
			buildSettings = {
				ASSETCATALOG_COMPILER_APPICON_NAME = AppIcon;
				ASSETCATALOG_COMPILER_GLOBAL_ACCENT_COLOR_NAME = AccentColor;
				CODE_SIGN_STYLE = Automatic;
				CURRENT_PROJECT_VERSION = 1;
				DEVELOPMENT_ASSET_PATHS = "\"GitWorld/Preview Content\"";
				DEVELOPMENT_TEAM = 2FA6387WHP;
				ENABLE_PREVIEWS = YES;
				FRAMEWORK_SEARCH_PATHS = (
					"$(inherited)",
					"$(PROJECT_DIR)/Carthage/Build/iOS",
				);
				GENERATE_INFOPLIST_FILE = YES;
				HEADER_SEARCH_PATHS = "$(SRCROOT)/Carthage/Build/iOS/ObjectiveGit.framework/Headers/";
				INFOPLIST_KEY_UIApplicationSceneManifest_Generation = YES;
				INFOPLIST_KEY_UIApplicationSupportsIndirectInputEvents = YES;
				INFOPLIST_KEY_UILaunchScreen_Generation = YES;
				INFOPLIST_KEY_UISupportedInterfaceOrientations_iPad = "UIInterfaceOrientationPortrait UIInterfaceOrientationPortraitUpsideDown UIInterfaceOrientationLandscapeLeft UIInterfaceOrientationLandscapeRight";
				INFOPLIST_KEY_UISupportedInterfaceOrientations_iPhone = "UIInterfaceOrientationPortrait UIInterfaceOrientationLandscapeLeft UIInterfaceOrientationLandscapeRight";
				IPHONEOS_DEPLOYMENT_TARGET = 15.0;
				LD_RUNPATH_SEARCH_PATHS = (
					"$(inherited)",
					"@executable_path/Frameworks",
				);
				MARKETING_VERSION = 1.0;
				PRODUCT_BUNDLE_IDENTIFIER = com.amo.GitWorld;
				PRODUCT_NAME = "$(TARGET_NAME)";
				SWIFT_EMIT_LOC_STRINGS = YES;
				SWIFT_VERSION = 5.0;
				TARGETED_DEVICE_FAMILY = "1,2";
			};
			name = Debug;
		};
		975D666B272E939600D7F6C9 /* Release */ = {
			isa = XCBuildConfiguration;
			buildSettings = {
				ASSETCATALOG_COMPILER_APPICON_NAME = AppIcon;
				ASSETCATALOG_COMPILER_GLOBAL_ACCENT_COLOR_NAME = AccentColor;
				CODE_SIGN_STYLE = Automatic;
				CURRENT_PROJECT_VERSION = 1;
				DEVELOPMENT_ASSET_PATHS = "\"GitWorld/Preview Content\"";
				DEVELOPMENT_TEAM = 2FA6387WHP;
				ENABLE_PREVIEWS = YES;
				FRAMEWORK_SEARCH_PATHS = (
					"$(inherited)",
					"$(PROJECT_DIR)/Carthage/Build/iOS",
				);
				GENERATE_INFOPLIST_FILE = YES;
				HEADER_SEARCH_PATHS = "$(SRCROOT)/Carthage/Build/iOS/ObjectiveGit.framework/Headers/";
				INFOPLIST_KEY_UIApplicationSceneManifest_Generation = YES;
				INFOPLIST_KEY_UIApplicationSupportsIndirectInputEvents = YES;
				INFOPLIST_KEY_UILaunchScreen_Generation = YES;
				INFOPLIST_KEY_UISupportedInterfaceOrientations_iPad = "UIInterfaceOrientationPortrait UIInterfaceOrientationPortraitUpsideDown UIInterfaceOrientationLandscapeLeft UIInterfaceOrientationLandscapeRight";
				INFOPLIST_KEY_UISupportedInterfaceOrientations_iPhone = "UIInterfaceOrientationPortrait UIInterfaceOrientationLandscapeLeft UIInterfaceOrientationLandscapeRight";
				IPHONEOS_DEPLOYMENT_TARGET = 15.0;
				LD_RUNPATH_SEARCH_PATHS = (
					"$(inherited)",
					"@executable_path/Frameworks",
				);
				MARKETING_VERSION = 1.0;
				PRODUCT_BUNDLE_IDENTIFIER = com.amo.GitWorld;
				PRODUCT_NAME = "$(TARGET_NAME)";
				SWIFT_EMIT_LOC_STRINGS = YES;
				SWIFT_VERSION = 5.0;
				TARGETED_DEVICE_FAMILY = "1,2";
			};
			name = Release;
		};
/* End XCBuildConfiguration section */

/* Begin XCConfigurationList section */
		975D6651272E939300D7F6C9 /* Build configuration list for PBXProject "GitWorld" */ = {
			isa = XCConfigurationList;
			buildConfigurations = (
				975D6667272E939600D7F6C9 /* Debug */,
				975D6668272E939600D7F6C9 /* Release */,
			);
			defaultConfigurationIsVisible = 0;
			defaultConfigurationName = Release;
		};
		975D6669272E939600D7F6C9 /* Build configuration list for PBXNativeTarget "GitWorld" */ = {
			isa = XCConfigurationList;
			buildConfigurations = (
				975D666A272E939600D7F6C9 /* Debug */,
				975D666B272E939600D7F6C9 /* Release */,
			);
			defaultConfigurationIsVisible = 0;
			defaultConfigurationName = Release;
		};
/* End XCConfigurationList section */

/* Begin XCVersionGroup section */
		975D6664272E939600D7F6C9 /* GitWorld.xcdatamodeld */ = {
			isa = XCVersionGroup;
			children = (
				975D6665272E939600D7F6C9 /* GitWorld.xcdatamodel */,
			);
			currentVersion = 975D6665272E939600D7F6C9 /* GitWorld.xcdatamodel */;
			path = GitWorld.xcdatamodeld;
			sourceTree = "<group>";
			versionGroupType = wrapper.xcdatamodel;
		};
/* End XCVersionGroup section */
	};
	rootObject = 975D664E272E939300D7F6C9 /* Project object */;
}
